
Microsoft Visual Studio Solution File, Format Version 12.00
# Visual Studio 14
VisualStudioVersion = 14.0.24720.0
MinimumVisualStudioVersion = 10.0.40219.1
Project("{2150E333-8FDC-42A3-9474-1A3956D46DE8}") = "Plugins", "Plugins", "{537EF868-0E21-48FC-96CB-8668589CF562}"
EndProject
Project("{2150E333-8FDC-42A3-9474-1A3956D46DE8}") = "WeixinPF", "WeixinPF", "{3B557A92-F4DB-4B87-878C-05BE010328F3}"
EndProject
Project("{2150E333-8FDC-42A3-9474-1A3956D46DE8}") = "Hotel", "Hotel", "{3EB239AC-158A-48C8-8436-F9CFF075D85D}"
EndProject
Global
	GlobalSection(SolutionProperties) = preSolution
		HideSolutionNode = FALSE
	EndGlobalSection
	GlobalSection(NestedProjects) = preSolution
		{3EB239AC-158A-48C8-8436-F9CFF075D85D} = {537EF868-0E21-48FC-96CB-8668589CF562}
	EndGlobalSection
	GlobalSection(TeamFoundationVersionControl) = preSolution
		SccNumberOfProjects = 1
		SccEnterpriseProvider = {4CA58AB2-18FA-4F8D-95D4-32DDF27D184C}
		SccTeamFoundationServer = https://tfs.codeplex.com/tfs/tfs40
		SccLocalPath0 = .
	EndGlobalSection
EndGlobal
